
Microsoft Visual Studio Solution File, Format Version 12.00
# Visual Studio Version 16
VisualStudioVersion = 16.0.31112.23
MinimumVisualStudioVersion = 10.0.40219.1
Project("{FAE04EC0-301F-11D3-BF4B-00C04F79EFBC}") = "KeyBoardTranslator", "KeyBoardTranslator.csproj", "{DF3AAABA-AFCF-4422-B596-732F554ED401}"
EndProject
Global
	GlobalSection(SolutionConfigurationPlatforms) = preSolution
		Debug|Any CPU = Debug|Any CPU
		Release|Any CPU = Release|Any CPU
	EndGlobalSection
	GlobalSection(ProjectConfigurationPlatforms) = postSolution
		{DF3AAABA-AFCF-4422-B596-732F554ED401}.Debug|Any CPU.ActiveCfg = Debug|Any CPU
		{DF3AAABA-AFCF-4422-B596-732F554ED401}.Debug|Any CPU.Build.0 = Debug|Any CPU
		{DF3AAABA-AFCF-4422-B596-732F554ED401}.Release|Any CPU.ActiveCfg = Release|Any CPU
		{DF3AAABA-AFCF-4422-B596-732F554ED401}.Release|Any CPU.Build.0 = Release|Any CPU
	EndGlobalSection
	GlobalSection(SolutionProperties) = preSolution
		HideSolutionNode = FALSE
	EndGlobalSection
	GlobalSection(ExtensibilityGlobals) = postSolution
		SolutionGuid = {BA168C4D-0062-4691-A8E1-EFBF20FDD7BB}
	EndGlobalSection
EndGlobal
